// !$*UTF8*$!
{
	archiveVersion = 1;
	classes = {
	};
	objectVersion = 46;
	objects = {

/* Begin PBXBuildFile section */
		3FE1E5551EB7C3160002616C /* green.jpeg in Resources */ = {isa = PBXBuildFile; fileRef = 3FE1E5521EB7C3160002616C /* green.jpeg */; };
		3FE1E5561EB7C3160002616C /* red.jpeg in Resources */ = {isa = PBXBuildFile; fileRef = 3FE1E5531EB7C3160002616C /* red.jpeg */; };
		3FE1E5571EB7C3160002616C /* yeelow.jpeg in Resources */ = {isa = PBXBuildFile; fileRef = 3FE1E5541EB7C3160002616C /* yeelow.jpeg */; };
		3FF091D71EB13192000551E2 /* AppDelegate.swift in Sources */ = {isa = PBXBuildFile; fileRef = 3FF091D61EB13192000551E2 /* AppDelegate.swift */; };
		3FF091D91EB13192000551E2 /* ViewController.swift in Sources */ = {isa = PBXBuildFile; fileRef = 3FF091D81EB13192000551E2 /* ViewController.swift */; };
		3FF091DC1EB13192000551E2 /* Main.storyboard in Resources */ = {isa = PBXBuildFile; fileRef = 3FF091DA1EB13192000551E2 /* Main.storyboard */; };
		3FF091DE1EB13192000551E2 /* Assets.xcassets in Resources */ = {isa = PBXBuildFile; fileRef = 3FF091DD1EB13192000551E2 /* Assets.xcassets */; };
		3FF091E11EB13192000551E2 /* LaunchScreen.storyboard in Resources */ = {isa = PBXBuildFile; fileRef = 3FF091DF1EB13192000551E2 /* LaunchScreen.storyboard */; };
		3FF091EC1EB13192000551E2 /* mooTests.swift in Sources */ = {isa = PBXBuildFile; fileRef = 3FF091EB1EB13192000551E2 /* mooTests.swift */; };
		3FF091F71EB13192000551E2 /* mooUITests.swift in Sources */ = {isa = PBXBuildFile; fileRef = 3FF091F61EB13192000551E2 /* mooUITests.swift */; };
/* End PBXBuildFile section */

/* Begin PBXContainerItemProxy section */
		3FF091E81EB13192000551E2 /* PBXContainerItemProxy */ = {
			isa = PBXContainerItemProxy;
			containerPortal = 3FF091CB1EB13192000551E2 /* Project object */;
			proxyType = 1;
			remoteGlobalIDString = 3FF091D21EB13192000551E2;
			remoteInfo = moo;
		};
		3FF091F31EB13192000551E2 /* PBXContainerItemProxy */ = {
			isa = PBXContainerItemProxy;
			containerPortal = 3FF091CB1EB13192000551E2 /* Project object */;
			proxyType = 1;
			remoteGlobalIDString = 3FF091D21EB13192000551E2;
			remoteInfo = moo;
		};
/* End PBXContainerItemProxy section */

/* Begin PBXFileReference section */
		3FE1E5521EB7C3160002616C /* green.jpeg */ = {isa = PBXFileReference; lastKnownFileType = image.jpeg; name = green.jpeg; path = moo/green.jpeg; sourceTree = "<group>"; };
		3FE1E5531EB7C3160002616C /* red.jpeg */ = {isa = PBXFileReference; lastKnownFileType = image.jpeg; name = red.jpeg; path = moo/red.jpeg; sourceTree = "<group>"; };
		3FE1E5541EB7C3160002616C /* yeelow.jpeg */ = {isa = PBXFileReference; lastKnownFileType = image.jpeg; name = yeelow.jpeg; path = moo/yeelow.jpeg; sourceTree = "<group>"; };
		3FF091D31EB13192000551E2 /* moo.app */ = {isa = PBXFileReference; explicitFileType = wrapper.application; includeInIndex = 0; path = moo.app; sourceTree = BUILT_PRODUCTS_DIR; };
		3FF091D61EB13192000551E2 /* AppDelegate.swift */ = {isa = PBXFileReference; lastKnownFileType = sourcecode.swift; path = AppDelegate.swift; sourceTree = "<group>"; };
		3FF091D81EB13192000551E2 /* ViewController.swift */ = {isa = PBXFileReference; lastKnownFileType = sourcecode.swift; path = ViewController.swift; sourceTree = "<group>"; };
		3FF091DB1EB13192000551E2 /* Base */ = {isa = PBXFileReference; lastKnownFileType = file.storyboard; name = Base; path = Base.lproj/Main.storyboard; sourceTree = "<group>"; };
		3FF091DD1EB13192000551E2 /* Assets.xcassets */ = {isa = PBXFileReference; lastKnownFileType = folder.assetcatalog; path = Assets.xcassets; sourceTree = "<group>"; };
		3FF091E01EB13192000551E2 /* Base */ = {isa = PBXFileReference; lastKnownFileType = file.storyboard; name = Base; path = Base.lproj/LaunchScreen.storyboard; sourceTree = "<group>"; };
		3FF091E21EB13192000551E2 /* Info.plist */ = {isa = PBXFileReference; lastKnownFileType = text.plist.xml; path = Info.plist; sourceTree = "<group>"; };
		3FF091E71EB13192000551E2 /* mooTests.xctest */ = {isa = PBXFileReference; explicitFileType = wrapper.cfbundle; includeInIndex = 0; path = mooTests.xctest; sourceTree = BUILT_PRODUCTS_DIR; };
		3FF091EB1EB13192000551E2 /* mooTests.swift */ = {isa = PBXFileReference; lastKnownFileType = sourcecode.swift; path = mooTests.swift; sourceTree = "<group>"; };
		3FF091ED1EB13192000551E2 /* Info.plist */ = {isa = PBXFileReference; lastKnownFileType = text.plist.xml; path = Info.plist; sourceTree = "<group>"; };
		3FF091F21EB13192000551E2 /* mooUITests.xctest */ = {isa = PBXFileReference; explicitFileType = wrapper.cfbundle; includeInIndex = 0; path = mooUITests.xctest; sourceTree = BUILT_PRODUCTS_DIR; };
		3FF091F61EB13192000551E2 /* mooUITests.swift */ = {isa = PBXFileReference; lastKnownFileType = sourcecode.swift; path = mooUITests.swift; sourceTree = "<group>"; };
		3FF091F81EB13192000551E2 /* Info.plist */ = {isa = PBXFileReference; lastKnownFileType = text.plist.xml; path = Info.plist; sourceTree = "<group>"; };
/* End PBXFileReference section */

/* Begin PBXFrameworksBuildPhase section */
		3FF091D01EB13192000551E2 /* Frameworks */ = {
			isa = PBXFrameworksBuildPhase;
			buildActionMask = 2147483647;
			files = (
			);
			runOnlyForDeploymentPostprocessing = 0;
		};
		3FF091E41EB13192000551E2 /* Frameworks */ = {
			isa = PBXFrameworksBuildPhase;
			buildActionMask = 2147483647;
			files = (
			);
			runOnlyForDeploymentPostprocessing = 0;
		};
		3FF091EF1EB13192000551E2 /* Frameworks */ = {
			isa = PBXFrameworksBuildPhase;
			buildActionMask = 2147483647;
			files = (
			);
			runOnlyForDeploymentPostprocessing = 0;
		};
/* End PBXFrameworksBuildPhase section */

/* Begin PBXGroup section */
		3FF091CA1EB13192000551E2 = {
			isa = PBXGroup;
			children = (
				3FE1E5521EB7C3160002616C /* green.jpeg */,
				3FE1E5531EB7C3160002616C /* red.jpeg */,
				3FE1E5541EB7C3160002616C /* yeelow.jpeg */,
				3FF091D51EB13192000551E2 /* moo */,
				3FF091EA1EB13192000551E2 /* mooTests */,
				3FF091F51EB13192000551E2 /* mooUITests */,
				3FF091D41EB13192000551E2 /* Products */,
			);
			sourceTree = "<group>";
		};
		3FF091D41EB13192000551E2 /* Products */ = {
			isa = PBXGroup;
			children = (
				3FF091D31EB13192000551E2 /* moo.app */,
				3FF091E71EB13192000551E2 /* mooTests.xctest */,
				3FF091F21EB13192000551E2 /* mooUITests.xctest */,
			);
			name = Products;
			sourceTree = "<group>";
		};
		3FF091D51EB13192000551E2 /* moo */ = {
			isa = PBXGroup;
			children = (
				3FF091D61EB13192000551E2 /* AppDelegate.swift */,
				3FF091D81EB13192000551E2 /* ViewController.swift */,
				3FF091DA1EB13192000551E2 /* Main.storyboard */,
				3FF091DD1EB13192000551E2 /* Assets.xcassets */,
				3FF091DF1EB13192000551E2 /* LaunchScreen.storyboard */,
				3FF091E21EB13192000551E2 /* Info.plist */,
			);
			path = moo;
			sourceTree = "<group>";
		};
		3FF091EA1EB13192000551E2 /* mooTests */ = {
			isa = PBXGroup;
			children = (
				3FF091EB1EB13192000551E2 /* mooTests.swift */,
				3FF091ED1EB13192000551E2 /* Info.plist */,
			);
			path = mooTests;
			sourceTree = "<group>";
		};
		3FF091F51EB13192000551E2 /* mooUITests */ = {
			isa = PBXGroup;
			children = (
				3FF091F61EB13192000551E2 /* mooUITests.swift */,
				3FF091F81EB13192000551E2 /* Info.plist */,
			);
			path = mooUITests;
			sourceTree = "<group>";
		};
/* End PBXGroup section */

/* Begin PBXNativeTarget section */
		3FF091D21EB13192000551E2 /* moo */ = {
			isa = PBXNativeTarget;
			buildConfigurationList = 3FF091FB1EB13192000551E2 /* Build configuration list for PBXNativeTarget "moo" */;
			buildPhases = (
				3FF091CF1EB13192000551E2 /* Sources */,
				3FF091D01EB13192000551E2 /* Frameworks */,
				3FF091D11EB13192000551E2 /* Resources */,
			);
			buildRules = (
			);
			dependencies = (
			);
			name = moo;
			productName = moo;
			productReference = 3FF091D31EB13192000551E2 /* moo.app */;
			productType = "com.apple.product-type.application";
		};
		3FF091E61EB13192000551E2 /* mooTests */ = {
			isa = PBXNativeTarget;
			buildConfigurationList = 3FF091FE1EB13192000551E2 /* Build configuration list for PBXNativeTarget "mooTests" */;
			buildPhases = (
				3FF091E31EB13192000551E2 /* Sources */,
				3FF091E41EB13192000551E2 /* Frameworks */,
				3FF091E51EB13192000551E2 /* Resources */,
			);
			buildRules = (
			);
			dependencies = (
				3FF091E91EB13192000551E2 /* PBXTargetDependency */,
			);
			name = mooTests;
			productName = mooTests;
			productReference = 3FF091E71EB13192000551E2 /* mooTests.xctest */;
			productType = "com.apple.product-type.bundle.unit-test";
		};
		3FF091F11EB13192000551E2 /* mooUITests */ = {
			isa = PBXNativeTarget;
			buildConfigurationList = 3FF092011EB13192000551E2 /* Build configuration list for PBXNativeTarget "mooUITests" */;
			buildPhases = (
				3FF091EE1EB13192000551E2 /* Sources */,
				3FF091EF1EB13192000551E2 /* Frameworks */,
				3FF091F01EB13192000551E2 /* Resources */,
			);
			buildRules = (
			);
			dependencies = (
				3FF091F41EB13192000551E2 /* PBXTargetDependency */,
			);
			name = mooUITests;
			productName = mooUITests;
			productReference = 3FF091F21EB13192000551E2 /* mooUITests.xctest */;
			productType = "com.apple.product-type.bundle.ui-testing";
		};
/* End PBXNativeTarget section */

/* Begin PBXProject section */
		3FF091CB1EB13192000551E2 /* Project object */ = {
			isa = PBXProject;
			attributes = {
				LastSwiftUpdateCheck = 0830;
				LastUpgradeCheck = 0830;
				ORGANIZATIONNAME = Student;
				TargetAttributes = {
					3FF091D21EB13192000551E2 = {
						CreatedOnToolsVersion = 8.3.2;
						ProvisioningStyle = Automatic;
					};
					3FF091E61EB13192000551E2 = {
						CreatedOnToolsVersion = 8.3.2;
						ProvisioningStyle = Automatic;
						TestTargetID = 3FF091D21EB13192000551E2;
					};
					3FF091F11EB13192000551E2 = {
						CreatedOnToolsVersion = 8.3.2;
						ProvisioningStyle = Automatic;
						TestTargetID = 3FF091D21EB13192000551E2;
					};
				};
			};
			buildConfigurationList = 3FF091CE1EB13192000551E2 /* Build configuration list for PBXProject "moo" */;
			compatibilityVersion = "Xcode 3.2";
			developmentRegion = English;
			hasScannedForEncodings = 0;
			knownRegions = (
				en,
				Base,
			);
			mainGroup = 3FF091CA1EB13192000551E2;
			productRefGroup = 3FF091D41EB13192000551E2 /* Products */;
			projectDirPath = "";
			projectRoot = "";
			targets = (
				3FF091D21EB13192000551E2 /* moo */,
				3FF091E61EB13192000551E2 /* mooTests */,
				3FF091F11EB13192000551E2 /* mooUITests */,
			);
		};
/* End PBXProject section */

/* Begin PBXResourcesBuildPhase section */
		3FF091D11EB13192000551E2 /* Resources */ = {
			isa = PBXResourcesBuildPhase;
			buildActionMask = 2147483647;
			files = (
				3FE1E5561EB7C3160002616C /* red.jpeg in Resources */,
				3FF091E11EB13192000551E2 /* LaunchScreen.storyboard in Resources */,
				3FF091DE1EB13192000551E2 /* Assets.xcassets in Resources */,
				3FF091DC1EB13192000551E2 /* Main.storyboard in Resources */,
				3FE1E5571EB7C3160002616C /* yeelow.jpeg in Resources */,
				3FE1E5551EB7C3160002616C /* green.jpeg in Resources */,
			);
			runOnlyForDeploymentPostprocessing = 0;
		};
		3FF091E51EB13192000551E2 /* Resources */ = {
			isa = PBXResourcesBuildPhase;
			buildActionMask = 2147483647;
			files = (
			);
			runOnlyForDeploymentPostprocessing = 0;
		};
		3FF091F01EB13192000551E2 /* Resources */ = {
			isa = PBXResourcesBuildPhase;
			buildActionMask = 2147483647;
			files = (
			);
			runOnlyForDeploymentPostprocessing = 0;
		};
/* End PBXResourcesBuildPhase section */

/* Begin PBXSourcesBuildPhase section */
		3FF091CF1EB13192000551E2 /* Sources */ = {
			isa = PBXSourcesBuildPhase;
			buildActionMask = 2147483647;
			files = (
				3FF091D91EB13192000551E2 /* ViewController.swift in Sources */,
				3FF091D71EB13192000551E2 /* AppDelegate.swift in Sources */,
			);
			runOnlyForDeploymentPostprocessing = 0;
		};
		3FF091E31EB13192000551E2 /* Sources */ = {
			isa = PBXSourcesBuildPhase;
			buildActionMask = 2147483647;
			files = (
				3FF091EC1EB13192000551E2 /* mooTests.swift in Sources */,
			);
			runOnlyForDeploymentPostprocessing = 0;
		};
		3FF091EE1EB13192000551E2 /* Sources */ = {
			isa = PBXSourcesBuildPhase;
			buildActionMask = 2147483647;
			files = (
				3FF091F71EB13192000551E2 /* mooUITests.swift in Sources */,
			);
			runOnlyForDeploymentPostprocessing = 0;
		};
/* End PBXSourcesBuildPhase section */

/* Begin PBXTargetDependency section */
		3FF091E91EB13192000551E2 /* PBXTargetDependency */ = {
			isa = PBXTargetDependency;
			target = 3FF091D21EB13192000551E2 /* moo */;
			targetProxy = 3FF091E81EB13192000551E2 /* PBXContainerItemProxy */;
		};
		3FF091F41EB13192000551E2 /* PBXTargetDependency */ = {
			isa = PBXTargetDependency;
			target = 3FF091D21EB13192000551E2 /* moo */;
			targetProxy = 3FF091F31EB13192000551E2 /* PBXContainerItemProxy */;
		};
/* End PBXTargetDependency section */

/* Begin PBXVariantGroup section */
		3FF091DA1EB13192000551E2 /* Main.storyboard */ = {
			isa = PBXVariantGroup;
			children = (
				3FF091DB1EB13192000551E2 /* Base */,
			);
			name = Main.storyboard;
			sourceTree = "<group>";
		};
		3FF091DF1EB13192000551E2 /* LaunchScreen.storyboard */ = {
			isa = PBXVariantGroup;
			children = (
				3FF091E01EB13192000551E2 /* Base */,
			);
			name = LaunchScreen.storyboard;
			sourceTree = "<group>";
		};
/* End PBXVariantGroup section */

/* Begin XCBuildConfiguration section */
		3FF091F91EB13192000551E2 /* Debug */ = {
			isa = XCBuildConfiguration;
			buildSettings = {
				ALWAYS_SEARCH_USER_PATHS = NO;
				CLANG_ANALYZER_NONNULL = YES;
				CLANG_ANALYZER_NUMBER_OBJECT_CONVERSION = YES_AGGRESSIVE;
				CLANG_CXX_LANGUAGE_STANDARD = "gnu++0x";
				CLANG_CXX_LIBRARY = "libc++";
				CLANG_ENABLE_MODULES = YES;
				CLANG_ENABLE_OBJC_ARC = YES;
				CLANG_WARN_BOOL_CONVERSION = YES;
				CLANG_WARN_CONSTANT_CONVERSION = YES;
				CLANG_WARN_DIRECT_OBJC_ISA_USAGE = YES_ERROR;
				CLANG_WARN_DOCUMENTATION_COMMENTS = YES;
				CLANG_WARN_EMPTY_BODY = YES;
				CLANG_WARN_ENUM_CONVERSION = YES;
				CLANG_WARN_INFINITE_RECURSION = YES;
				CLANG_WARN_INT_CONVERSION = YES;
				CLANG_WARN_OBJC_ROOT_CLASS = YES_ERROR;
				CLANG_WARN_SUSPICIOUS_MOVE = YES;
				CLANG_WARN_UNREACHABLE_CODE = YES;
				CLANG_WARN__DUPLICATE_METHOD_MATCH = YES;
				"CODE_SIGN_IDENTITY[sdk=iphoneos*]" = "iPhone Developer";
				COPY_PHASE_STRIP = NO;
				DEBUG_INFORMATION_FORMAT = dwarf;
				ENABLE_STRICT_OBJC_MSGSEND = YES;
				ENABLE_TESTABILITY = YES;
				GCC_C_LANGUAGE_STANDARD = gnu99;
				GCC_DYNAMIC_NO_PIC = NO;
				GCC_NO_COMMON_BLOCKS = YES;
				GCC_OPTIMIZATION_LEVEL = 0;
				GCC_PREPROCESSOR_DEFINITIONS = (
					"DEBUG=1",
					"$(inherited)",
				);
				GCC_WARN_64_TO_32_BIT_CONVERSION = YES;
				GCC_WARN_ABOUT_RETURN_TYPE = YES_ERROR;
				GCC_WARN_UNDECLARED_SELECTOR = YES;
				GCC_WARN_UNINITIALIZED_AUTOS = YES_AGGRESSIVE;
				GCC_WARN_UNUSED_FUNCTION = YES;
				GCC_WARN_UNUSED_VARIABLE = YES;
				IPHONEOS_DEPLOYMENT_TARGET = 10.3;
				MTL_ENABLE_DEBUG_INFO = YES;
				ONLY_ACTIVE_ARCH = YES;
				SDKROOT = iphoneos;
				SWIFT_ACTIVE_COMPILATION_CONDITIONS = DEBUG;
				SWIFT_OPTIMIZATION_LEVEL = "-Onone";
				TARGETED_DEVICE_FAMILY = "1,2";
			};
			name = Debug;
		};
		3FF091FA1EB13192000551E2 /* Release */ = {
			isa = XCBuildConfiguration;
			buildSettings = {
				ALWAYS_SEARCH_USER_PATHS = NO;
				CLANG_ANALYZER_NONNULL = YES;
				CLANG_ANALYZER_NUMBER_OBJECT_CONVERSION = YES_AGGRESSIVE;
				CLANG_CXX_LANGUAGE_STANDARD = "gnu++0x";
				CLANG_CXX_LIBRARY = "libc++";
				CLANG_ENABLE_MODULES = YES;
				CLANG_ENABLE_OBJC_ARC = YES;
				CLANG_WARN_BOOL_CONVERSION = YES;
				CLANG_WARN_CONSTANT_CONVERSION = YES;
				CLANG_WARN_DIRECT_OBJC_ISA_USAGE = YES_ERROR;
				CLANG_WARN_DOCUMENTATION_COMMENTS = YES;
				CLANG_WARN_EMPTY_BODY = YES;
				CLANG_WARN_ENUM_CONVERSION = YES;
				CLANG_WARN_INFINITE_RECURSION = YES;
				CLANG_WARN_INT_CONVERSION = YES;
				CLANG_WARN_OBJC_ROOT_CLASS = YES_ERROR;
				CLANG_WARN_SUSPICIOUS_MOVE = YES;
				CLANG_WARN_UNREACHABLE_CODE = YES;
				CLANG_WARN__DUPLICATE_METHOD_MATCH = YES;
				"CODE_SIGN_IDENTITY[sdk=iphoneos*]" = "iPhone Developer";
				COPY_PHASE_STRIP = NO;
				DEBUG_INFORMATION_FORMAT = "dwarf-with-dsym";
				ENABLE_NS_ASSERTIONS = NO;
				ENABLE_STRICT_OBJC_MSGSEND = YES;
				GCC_C_LANGUAGE_STANDARD = gnu99;
				GCC_NO_COMMON_BLOCKS = YES;
				GCC_WARN_64_TO_32_BIT_CONVERSION = YES;
				GCC_WARN_ABOUT_RETURN_TYPE = YES_ERROR;
				GCC_WARN_UNDECLARED_SELECTOR = YES;
				GCC_WARN_UNINITIALIZED_AUTOS = YES_AGGRESSIVE;
				GCC_WARN_UNUSED_FUNCTION = YES;
				GCC_WARN_UNUSED_VARIABLE = YES;
				IPHONEOS_DEPLOYMENT_TARGET = 10.3;
				MTL_ENABLE_DEBUG_INFO = NO;
				SDKROOT = iphoneos;
				SWIFT_OPTIMIZATION_LEVEL = "-Owholemodule";
				TARGETED_DEVICE_FAMILY = "1,2";
				VALIDATE_PRODUCT = YES;
			};
			name = Release;
		};
		3FF091FC1EB13192000551E2 /* Debug */ = {
			isa = XCBuildConfiguration;
			buildSettings = {
				ASSETCATALOG_COMPILER_APPICON_NAME = AppIcon;
				INFOPLIST_FILE = moo/Info.plist;
				LD_RUNPATH_SEARCH_PATHS = "$(inherited) @executable_path/Frameworks";
				PRODUCT_BUNDLE_IDENTIFIER = "Git-Gud.moo";
				PRODUCT_NAME = "$(TARGET_NAME)";
				SWIFT_VERSION = 3.0;
			};
			name = Debug;
		};
		3FF091FD1EB13192000551E2 /* Release */ = {
			isa = XCBuildConfiguration;
			buildSettings = {
				ASSETCATALOG_COMPILER_APPICON_NAME = AppIcon;
				INFOPLIST_FILE = moo/Info.plist;
				LD_RUNPATH_SEARCH_PATHS = "$(inherited) @executable_path/Frameworks";
				PRODUCT_BUNDLE_IDENTIFIER = "Git-Gud.moo";
				PRODUCT_NAME = "$(TARGET_NAME)";
				SWIFT_VERSION = 3.0;
			};
			name = Release;
		};
		3FF091FF1EB13192000551E2 /* Debug */ = {
			isa = XCBuildConfiguration;
			buildSettings = {
				ALWAYS_EMBED_SWIFT_STANDARD_LIBRARIES = YES;
				BUNDLE_LOADER = "$(TEST_HOST)";
				INFOPLIST_FILE = mooTests/Info.plist;
				LD_RUNPATH_SEARCH_PATHS = "$(inherited) @executable_path/Frameworks @loader_path/Frameworks";
				PRODUCT_BUNDLE_IDENTIFIER = "Git-Gud.mooTests";
				PRODUCT_NAME = "$(TARGET_NAME)";
				SWIFT_VERSION = 3.0;
				TEST_HOST = "$(BUILT_PRODUCTS_DIR)/moo.app/moo";
			};
			name = Debug;
		};
		3FF092001EB13192000551E2 /* Release */ = {
			isa = XCBuildConfiguration;
			buildSettings = {
				ALWAYS_EMBED_SWIFT_STANDARD_LIBRARIES = YES;
				BUNDLE_LOADER = "$(TEST_HOST)";
				INFOPLIST_FILE = mooTests/Info.plist;
				LD_RUNPATH_SEARCH_PATHS = "$(inherited) @executable_path/Frameworks @loader_path/Frameworks";
				PRODUCT_BUNDLE_IDENTIFIER = "Git-Gud.mooTests";
				PRODUCT_NAME = "$(TARGET_NAME)";
				SWIFT_VERSION = 3.0;
				TEST_HOST = "$(BUILT_PRODUCTS_DIR)/moo.app/moo";
			};
			name = Release;
		};
		3FF092021EB13192000551E2 /* Debug */ = {
			isa = XCBuildConfiguration;
			buildSettings = {
				ALWAYS_EMBED_SWIFT_STANDARD_LIBRARIES = YES;
				INFOPLIST_FILE = mooUITests/Info.plist;
				LD_RUNPATH_SEARCH_PATHS = "$(inherited) @executable_path/Frameworks @loader_path/Frameworks";
				PRODUCT_BUNDLE_IDENTIFIER = "Git-Gud.mooUITests";
				PRODUCT_NAME = "$(TARGET_NAME)";
				SWIFT_VERSION = 3.0;
				TEST_TARGET_NAME = moo;
			};
			name = Debug;
		};
		3FF092031EB13192000551E2 /* Release */ = {
			isa = XCBuildConfiguration;
			buildSettings = {
				ALWAYS_EMBED_SWIFT_STANDARD_LIBRARIES = YES;
				INFOPLIST_FILE = mooUITests/Info.plist;
				LD_RUNPATH_SEARCH_PATHS = "$(inherited) @executable_path/Frameworks @loader_path/Frameworks";
				PRODUCT_BUNDLE_IDENTIFIER = "Git-Gud.mooUITests";
				PRODUCT_NAME = "$(TARGET_NAME)";
				SWIFT_VERSION = 3.0;
				TEST_TARGET_NAME = moo;
			};
			name = Release;
		};
/* End XCBuildConfiguration section */

/* Begin XCConfigurationList section */
		3FF091CE1EB13192000551E2 /* Build configuration list for PBXProject "moo" */ = {
			isa = XCConfigurationList;
			buildConfigurations = (
				3FF091F91EB13192000551E2 /* Debug */,
				3FF091FA1EB13192000551E2 /* Release */,
			);
			defaultConfigurationIsVisible = 0;
			defaultConfigurationName = Release;
		};
		3FF091FB1EB13192000551E2 /* Build configuration list for PBXNativeTarget "moo" */ = {
			isa = XCConfigurationList;
			buildConfigurations = (
				3FF091FC1EB13192000551E2 /* Debug */,
				3FF091FD1EB13192000551E2 /* Release */,
			);
			defaultConfigurationIsVisible = 0;
			defaultConfigurationName = Release;
		};
		3FF091FE1EB13192000551E2 /* Build configuration list for PBXNativeTarget "mooTests" */ = {
			isa = XCConfigurationList;
			buildConfigurations = (
				3FF091FF1EB13192000551E2 /* Debug */,
				3FF092001EB13192000551E2 /* Release */,
			);
			defaultConfigurationIsVisible = 0;
			defaultConfigurationName = Release;
		};
		3FF092011EB13192000551E2 /* Build configuration list for PBXNativeTarget "mooUITests" */ = {
			isa = XCConfigurationList;
			buildConfigurations = (
				3FF092021EB13192000551E2 /* Debug */,
				3FF092031EB13192000551E2 /* Release */,
			);
			defaultConfigurationIsVisible = 0;
			defaultConfigurationName = Release;
		};
/* End XCConfigurationList section */
	};
	rootObject = 3FF091CB1EB13192000551E2 /* Project object */;
}
